
Microsoft Visual Studio Solution File, Format Version 12.00
# Visual Studio Version 17
VisualStudioVersion = 17.9.34321.82
MinimumVisualStudioVersion = 10.0.40219.1
Project("{9A19103F-16F7-4668-BE54-9A1E7A4F7556}") = "PRN211GroupProject", "PRN211GroupProject\PRN211GroupProject.csproj", "{BA870BF2-C192-4AB3-B8EB-8503E7D9D7DE}"
EndProject
Project("{9A19103F-16F7-4668-BE54-9A1E7A4F7556}") = "PetSpaDAO", "PetSpaDAO\PetSpaDAO.csproj", "{47CC57C8-0265-44E1-A12A-2B24963E55C2}"
EndProject
Project("{9A19103F-16F7-4668-BE54-9A1E7A4F7556}") = "PetSpaBussinessObject", "PetSpaBussinessObject\PetSpaBussinessObject.csproj", "{096082C4-E508-4DCB-8D0C-E64C5B9D99C1}"
EndProject
Project("{9A19103F-16F7-4668-BE54-9A1E7A4F7556}") = "PetSpaRepo", "PetSpaRepo\PetSpaRepo.csproj", "{1D58C42D-F0E1-48AC-B218-20A6E20AB531}"
EndProject
Global
	GlobalSection(SolutionConfigurationPlatforms) = preSolution
		Debug|Any CPU = Debug|Any CPU
		Release|Any CPU = Release|Any CPU
	EndGlobalSection
	GlobalSection(ProjectConfigurationPlatforms) = postSolution
		{BA870BF2-C192-4AB3-B8EB-8503E7D9D7DE}.Debug|Any CPU.ActiveCfg = Debug|Any CPU
		{BA870BF2-C192-4AB3-B8EB-8503E7D9D7DE}.Debug|Any CPU.Build.0 = Debug|Any CPU
		{BA870BF2-C192-4AB3-B8EB-8503E7D9D7DE}.Release|Any CPU.ActiveCfg = Release|Any CPU
		{BA870BF2-C192-4AB3-B8EB-8503E7D9D7DE}.Release|Any CPU.Build.0 = Release|Any CPU
		{47CC57C8-0265-44E1-A12A-2B24963E55C2}.Debug|Any CPU.ActiveCfg = Debug|Any CPU
		{47CC57C8-0265-44E1-A12A-2B24963E55C2}.Debug|Any CPU.Build.0 = Debug|Any CPU
		{47CC57C8-0265-44E1-A12A-2B24963E55C2}.Release|Any CPU.ActiveCfg = Release|Any CPU
		{47CC57C8-0265-44E1-A12A-2B24963E55C2}.Release|Any CPU.Build.0 = Release|Any CPU
		{096082C4-E508-4DCB-8D0C-E64C5B9D99C1}.Debug|Any CPU.ActiveCfg = Debug|Any CPU
		{096082C4-E508-4DCB-8D0C-E64C5B9D99C1}.Debug|Any CPU.Build.0 = Debug|Any CPU
		{096082C4-E508-4DCB-8D0C-E64C5B9D99C1}.Release|Any CPU.ActiveCfg = Release|Any CPU
		{096082C4-E508-4DCB-8D0C-E64C5B9D99C1}.Release|Any CPU.Build.0 = Release|Any CPU
		{1D58C42D-F0E1-48AC-B218-20A6E20AB531}.Debug|Any CPU.ActiveCfg = Debug|Any CPU
		{1D58C42D-F0E1-48AC-B218-20A6E20AB531}.Debug|Any CPU.Build.0 = Debug|Any CPU
		{1D58C42D-F0E1-48AC-B218-20A6E20AB531}.Release|Any CPU.ActiveCfg = Release|Any CPU
		{1D58C42D-F0E1-48AC-B218-20A6E20AB531}.Release|Any CPU.Build.0 = Release|Any CPU
	EndGlobalSection
	GlobalSection(SolutionProperties) = preSolution
		HideSolutionNode = FALSE
	EndGlobalSection
	GlobalSection(ExtensibilityGlobals) = postSolution
		SolutionGuid = {9EFA3D9C-94D6-4A34-8065-C634A435BF7B}
	EndGlobalSection
EndGlobal
